
Microsoft Visual Studio Solution File, Format Version 12.00
# Visual Studio 15
VisualStudioVersion = 15.0.28010.2036
MinimumVisualStudioVersion = 10.0.40219.1
Project("{FAE04EC0-301F-11D3-BF4B-00C04F79EFBC}") = "MusicLibrary.Lib", "MusicLibrary.Lib\MusicLibrary.Lib.csproj", "{49AE38CD-36B1-49BA-84F2-B3549D5B3FDE}"
EndProject
Global
	GlobalSection(SolutionConfigurationPlatforms) = preSolution
		Debug|Any CPU = Debug|Any CPU
		Release|Any CPU = Release|Any CPU
	EndGlobalSection
	GlobalSection(ProjectConfigurationPlatforms) = postSolution
		{49AE38CD-36B1-49BA-84F2-B3549D5B3FDE}.Debug|Any CPU.ActiveCfg = Debug|Any CPU
		{49AE38CD-36B1-49BA-84F2-B3549D5B3FDE}.Debug|Any CPU.Build.0 = Debug|Any CPU
		{49AE38CD-36B1-49BA-84F2-B3549D5B3FDE}.Release|Any CPU.ActiveCfg = Release|Any CPU
		{49AE38CD-36B1-49BA-84F2-B3549D5B3FDE}.Release|Any CPU.Build.0 = Release|Any CPU
	EndGlobalSection
	GlobalSection(SolutionProperties) = preSolution
		HideSolutionNode = FALSE
	EndGlobalSection
	GlobalSection(ExtensibilityGlobals) = postSolution
		SolutionGuid = {47873D8A-809B-4BDD-BF1C-D72906DC6240}
	EndGlobalSection
EndGlobal
